// !$*UTF8*$!
{
	archiveVersion = 1;
	classes = {
	};
	objectVersion = 50;
	objects = {

/* Begin PBXBuildFile section */
		491EEE8B238793DC007B79FC /* AppDelegate.swift in Sources */ = {isa = PBXBuildFile; fileRef = 491EEE8A238793DC007B79FC /* AppDelegate.swift */; };
		491EEE8D238793DC007B79FC /* RootViewController.swift in Sources */ = {isa = PBXBuildFile; fileRef = 491EEE8C238793DC007B79FC /* RootViewController.swift */; };
		491EEE94238793DC007B79FC /* Main.storyboard in Resources */ = {isa = PBXBuildFile; fileRef = 491EEE92238793DC007B79FC /* Main.storyboard */; };
		491EEE96238793E0007B79FC /* Assets.xcassets in Resources */ = {isa = PBXBuildFile; fileRef = 491EEE95238793E0007B79FC /* Assets.xcassets */; };
		491EEE99238793E0007B79FC /* LaunchScreen.storyboard in Resources */ = {isa = PBXBuildFile; fileRef = 491EEE97238793E0007B79FC /* LaunchScreen.storyboard */; };
		491EEEA4238793E1007B79FC /* siebenTests.swift in Sources */ = {isa = PBXBuildFile; fileRef = 491EEEA3238793E1007B79FC /* siebenTests.swift */; };
		4945E4D0238B9A68009023C7 /* WebKit.framework in Frameworks */ = {isa = PBXBuildFile; fileRef = 4945E4CF238B9A67009023C7 /* WebKit.framework */; };
		496F7DAA23CC3A8B004B00BD /* UIWebViewSearch.js in Resources */ = {isa = PBXBuildFile; fileRef = 496F7DA923CC3A8B004B00BD /* UIWebViewSearch.js */; };
		496F7DAC23D1832F004B00BD /* Credentials.swift in Sources */ = {isa = PBXBuildFile; fileRef = 496F7DAB23D1832F004B00BD /* Credentials.swift */; };
/* End PBXBuildFile section */

/* Begin PBXContainerItemProxy section */
		491EEEA0238793E1007B79FC /* PBXContainerItemProxy */ = {
			isa = PBXContainerItemProxy;
			containerPortal = 491EEE7F238793DC007B79FC /* Project object */;
			proxyType = 1;
			remoteGlobalIDString = 491EEE86238793DC007B79FC;
			remoteInfo = sieben;
		};
/* End PBXContainerItemProxy section */

/* Begin PBXFileReference section */
		491EEE87238793DC007B79FC /* sieben.app */ = {isa = PBXFileReference; explicitFileType = wrapper.application; includeInIndex = 0; path = sieben.app; sourceTree = BUILT_PRODUCTS_DIR; };
		491EEE8A238793DC007B79FC /* AppDelegate.swift */ = {isa = PBXFileReference; lastKnownFileType = sourcecode.swift; path = AppDelegate.swift; sourceTree = "<group>"; };
		491EEE8C238793DC007B79FC /* RootViewController.swift */ = {isa = PBXFileReference; lastKnownFileType = sourcecode.swift; path = RootViewController.swift; sourceTree = "<group>"; };
		491EEE93238793DC007B79FC /* Base */ = {isa = PBXFileReference; lastKnownFileType = file.storyboard; name = Base; path = Base.lproj/Main.storyboard; sourceTree = "<group>"; };
		491EEE95238793E0007B79FC /* Assets.xcassets */ = {isa = PBXFileReference; lastKnownFileType = folder.assetcatalog; path = Assets.xcassets; sourceTree = "<group>"; };
		491EEE98238793E0007B79FC /* Base */ = {isa = PBXFileReference; lastKnownFileType = file.storyboard; name = Base; path = Base.lproj/LaunchScreen.storyboard; sourceTree = "<group>"; };
		491EEE9A238793E0007B79FC /* Info.plist */ = {isa = PBXFileReference; lastKnownFileType = text.plist.xml; path = Info.plist; sourceTree = "<group>"; };
		491EEE9F238793E1007B79FC /* siebenTests.xctest */ = {isa = PBXFileReference; explicitFileType = wrapper.cfbundle; includeInIndex = 0; path = siebenTests.xctest; sourceTree = BUILT_PRODUCTS_DIR; };
		491EEEA3238793E1007B79FC /* siebenTests.swift */ = {isa = PBXFileReference; lastKnownFileType = sourcecode.swift; path = siebenTests.swift; sourceTree = "<group>"; };
		491EEEA5238793E1007B79FC /* Info.plist */ = {isa = PBXFileReference; lastKnownFileType = text.plist.xml; path = Info.plist; sourceTree = "<group>"; };
		4945E4CF238B9A67009023C7 /* WebKit.framework */ = {isa = PBXFileReference; lastKnownFileType = wrapper.framework; name = WebKit.framework; path = System/Library/Frameworks/WebKit.framework; sourceTree = SDKROOT; };
		496F7DA923CC3A8B004B00BD /* UIWebViewSearch.js */ = {isa = PBXFileReference; fileEncoding = 4; lastKnownFileType = sourcecode.javascript; path = UIWebViewSearch.js; sourceTree = "<group>"; };
		496F7DAB23D1832F004B00BD /* Credentials.swift */ = {isa = PBXFileReference; lastKnownFileType = sourcecode.swift; path = Credentials.swift; sourceTree = "<group>"; };
/* End PBXFileReference section */

/* Begin PBXFrameworksBuildPhase section */
		491EEE84238793DC007B79FC /* Frameworks */ = {
			isa = PBXFrameworksBuildPhase;
			buildActionMask = 2147483647;
			files = (
				4945E4D0238B9A68009023C7 /* WebKit.framework in Frameworks */,
			);
			runOnlyForDeploymentPostprocessing = 0;
		};
		491EEE9C238793E1007B79FC /* Frameworks */ = {
			isa = PBXFrameworksBuildPhase;
			buildActionMask = 2147483647;
			files = (
			);
			runOnlyForDeploymentPostprocessing = 0;
		};
/* End PBXFrameworksBuildPhase section */

/* Begin PBXGroup section */
		491EEE7E238793DC007B79FC = {
			isa = PBXGroup;
			children = (
				491EEE89238793DC007B79FC /* sieben */,
				491EEEA2238793E1007B79FC /* siebenTests */,
				491EEE88238793DC007B79FC /* Products */,
				4945E4CE238B9A67009023C7 /* Frameworks */,
			);
			sourceTree = "<group>";
		};
		491EEE88238793DC007B79FC /* Products */ = {
			isa = PBXGroup;
			children = (
				491EEE87238793DC007B79FC /* sieben.app */,
				491EEE9F238793E1007B79FC /* siebenTests.xctest */,
			);
			name = Products;
			sourceTree = "<group>";
		};
		491EEE89238793DC007B79FC /* sieben */ = {
			isa = PBXGroup;
			children = (
				496F7DA923CC3A8B004B00BD /* UIWebViewSearch.js */,
				491EEE8A238793DC007B79FC /* AppDelegate.swift */,
				491EEE8C238793DC007B79FC /* RootViewController.swift */,
				491EEE92238793DC007B79FC /* Main.storyboard */,
				491EEE95238793E0007B79FC /* Assets.xcassets */,
				491EEE97238793E0007B79FC /* LaunchScreen.storyboard */,
				491EEE9A238793E0007B79FC /* Info.plist */,
				496F7DAB23D1832F004B00BD /* Credentials.swift */,
			);
			path = sieben;
			sourceTree = "<group>";
		};
		491EEEA2238793E1007B79FC /* siebenTests */ = {
			isa = PBXGroup;
			children = (
				491EEEA3238793E1007B79FC /* siebenTests.swift */,
				491EEEA5238793E1007B79FC /* Info.plist */,
			);
			path = siebenTests;
			sourceTree = "<group>";
		};
		4945E4CE238B9A67009023C7 /* Frameworks */ = {
			isa = PBXGroup;
			children = (
				4945E4CF238B9A67009023C7 /* WebKit.framework */,
			);
			name = Frameworks;
			sourceTree = "<group>";
		};
/* End PBXGroup section */

/* Begin PBXNativeTarget section */
		491EEE86238793DC007B79FC /* sieben */ = {
			isa = PBXNativeTarget;
			buildConfigurationList = 491EEEA8238793E1007B79FC /* Build configuration list for PBXNativeTarget "sieben" */;
			buildPhases = (
				491EEE83238793DC007B79FC /* Sources */,
				491EEE84238793DC007B79FC /* Frameworks */,
				491EEE85238793DC007B79FC /* Resources */,
			);
			buildRules = (
			);
			dependencies = (
			);
			name = sieben;
			productName = sieben;
			productReference = 491EEE87238793DC007B79FC /* sieben.app */;
			productType = "com.apple.product-type.application";
		};
		491EEE9E238793E1007B79FC /* siebenTests */ = {
			isa = PBXNativeTarget;
			buildConfigurationList = 491EEEAB238793E1007B79FC /* Build configuration list for PBXNativeTarget "siebenTests" */;
			buildPhases = (
				491EEE9B238793E1007B79FC /* Sources */,
				491EEE9C238793E1007B79FC /* Frameworks */,
				491EEE9D238793E1007B79FC /* Resources */,
			);
			buildRules = (
			);
			dependencies = (
				491EEEA1238793E1007B79FC /* PBXTargetDependency */,
			);
			name = siebenTests;
			productName = siebenTests;
			productReference = 491EEE9F238793E1007B79FC /* siebenTests.xctest */;
			productType = "com.apple.product-type.bundle.unit-test";
		};
/* End PBXNativeTarget section */

/* Begin PBXProject section */
		491EEE7F238793DC007B79FC /* Project object */ = {
			isa = PBXProject;
			attributes = {
				LastSwiftUpdateCheck = 1010;
				LastUpgradeCheck = 1010;
				ORGANIZATIONNAME = docsystem.sieben.com;
				TargetAttributes = {
					491EEE86238793DC007B79FC = {
						CreatedOnToolsVersion = 10.1;
					};
					491EEE9E238793E1007B79FC = {
						CreatedOnToolsVersion = 10.1;
						TestTargetID = 491EEE86238793DC007B79FC;
					};
				};
			};
			buildConfigurationList = 491EEE82238793DC007B79FC /* Build configuration list for PBXProject "sieben" */;
			compatibilityVersion = "Xcode 9.3";
			developmentRegion = en;
			hasScannedForEncodings = 0;
			knownRegions = (
				en,
				Base,
			);
			mainGroup = 491EEE7E238793DC007B79FC;
			productRefGroup = 491EEE88238793DC007B79FC /* Products */;
			projectDirPath = "";
			projectRoot = "";
			targets = (
				491EEE86238793DC007B79FC /* sieben */,
				491EEE9E238793E1007B79FC /* siebenTests */,
			);
		};
/* End PBXProject section */

/* Begin PBXResourcesBuildPhase section */
		491EEE85238793DC007B79FC /* Resources */ = {
			isa = PBXResourcesBuildPhase;
			buildActionMask = 2147483647;
			files = (
				491EEE99238793E0007B79FC /* LaunchScreen.storyboard in Resources */,
				491EEE96238793E0007B79FC /* Assets.xcassets in Resources */,
				496F7DAA23CC3A8B004B00BD /* UIWebViewSearch.js in Resources */,
				491EEE94238793DC007B79FC /* Main.storyboard in Resources */,
			);
			runOnlyForDeploymentPostprocessing = 0;
		};
		491EEE9D238793E1007B79FC /* Resources */ = {
			isa = PBXResourcesBuildPhase;
			buildActionMask = 2147483647;
			files = (
			);
			runOnlyForDeploymentPostprocessing = 0;
		};
/* End PBXResourcesBuildPhase section */

/* Begin PBXSourcesBuildPhase section */
		491EEE83238793DC007B79FC /* Sources */ = {
			isa = PBXSourcesBuildPhase;
			buildActionMask = 2147483647;
			files = (
				491EEE8D238793DC007B79FC /* RootViewController.swift in Sources */,
				496F7DAC23D1832F004B00BD /* Credentials.swift in Sources */,
				491EEE8B238793DC007B79FC /* AppDelegate.swift in Sources */,
			);
			runOnlyForDeploymentPostprocessing = 0;
		};
		491EEE9B238793E1007B79FC /* Sources */ = {
			isa = PBXSourcesBuildPhase;
			buildActionMask = 2147483647;
			files = (
				491EEEA4238793E1007B79FC /* siebenTests.swift in Sources */,
			);
			runOnlyForDeploymentPostprocessing = 0;
		};
/* End PBXSourcesBuildPhase section */

/* Begin PBXTargetDependency section */
		491EEEA1238793E1007B79FC /* PBXTargetDependency */ = {
			isa = PBXTargetDependency;
			target = 491EEE86238793DC007B79FC /* sieben */;
			targetProxy = 491EEEA0238793E1007B79FC /* PBXContainerItemProxy */;
		};
/* End PBXTargetDependency section */

/* Begin PBXVariantGroup section */
		491EEE92238793DC007B79FC /* Main.storyboard */ = {
			isa = PBXVariantGroup;
			children = (
				491EEE93238793DC007B79FC /* Base */,
			);
			name = Main.storyboard;
			sourceTree = "<group>";
		};
		491EEE97238793E0007B79FC /* LaunchScreen.storyboard */ = {
			isa = PBXVariantGroup;
			children = (
				491EEE98238793E0007B79FC /* Base */,
			);
			name = LaunchScreen.storyboard;
			sourceTree = "<group>";
		};
/* End PBXVariantGroup section */

/* Begin XCBuildConfiguration section */
		491EEEA6238793E1007B79FC /* Debug */ = {
			isa = XCBuildConfiguration;
			buildSettings = {
				ALWAYS_SEARCH_USER_PATHS = NO;
				CLANG_ANALYZER_NONNULL = YES;
				CLANG_ANALYZER_NUMBER_OBJECT_CONVERSION = YES_AGGRESSIVE;
				CLANG_CXX_LANGUAGE_STANDARD = "gnu++14";
				CLANG_CXX_LIBRARY = "libc++";
				CLANG_ENABLE_MODULES = YES;
				CLANG_ENABLE_OBJC_ARC = YES;
				CLANG_ENABLE_OBJC_WEAK = YES;
				CLANG_WARN_BLOCK_CAPTURE_AUTORELEASING = YES;
				CLANG_WARN_BOOL_CONVERSION = YES;
				CLANG_WARN_COMMA = YES;
				CLANG_WARN_CONSTANT_CONVERSION = YES;
				CLANG_WARN_DEPRECATED_OBJC_IMPLEMENTATIONS = YES;
				CLANG_WARN_DIRECT_OBJC_ISA_USAGE = YES_ERROR;
				CLANG_WARN_DOCUMENTATION_COMMENTS = YES;
				CLANG_WARN_EMPTY_BODY = YES;
				CLANG_WARN_ENUM_CONVERSION = YES;
				CLANG_WARN_INFINITE_RECURSION = YES;
				CLANG_WARN_INT_CONVERSION = YES;
				CLANG_WARN_NON_LITERAL_NULL_CONVERSION = YES;
				CLANG_WARN_OBJC_IMPLICIT_RETAIN_SELF = YES;
				CLANG_WARN_OBJC_LITERAL_CONVERSION = YES;
				CLANG_WARN_OBJC_ROOT_CLASS = YES_ERROR;
				CLANG_WARN_RANGE_LOOP_ANALYSIS = YES;
				CLANG_WARN_STRICT_PROTOTYPES = YES;
				CLANG_WARN_SUSPICIOUS_MOVE = YES;
				CLANG_WARN_UNGUARDED_AVAILABILITY = YES_AGGRESSIVE;
				CLANG_WARN_UNREACHABLE_CODE = YES;
				CLANG_WARN__DUPLICATE_METHOD_MATCH = YES;
				CODE_SIGN_IDENTITY = "iPhone Developer";
				COPY_PHASE_STRIP = NO;
				DEBUG_INFORMATION_FORMAT = dwarf;
				ENABLE_STRICT_OBJC_MSGSEND = YES;
				ENABLE_TESTABILITY = YES;
				GCC_C_LANGUAGE_STANDARD = gnu11;
				GCC_DYNAMIC_NO_PIC = NO;
				GCC_NO_COMMON_BLOCKS = YES;
				GCC_OPTIMIZATION_LEVEL = 0;
				GCC_PREPROCESSOR_DEFINITIONS = (
					"DEBUG=1",
					"$(inherited)",
				);
				GCC_WARN_64_TO_32_BIT_CONVERSION = YES;
				GCC_WARN_ABOUT_RETURN_TYPE = YES_ERROR;
				GCC_WARN_UNDECLARED_SELECTOR = YES;
				GCC_WARN_UNINITIALIZED_AUTOS = YES_AGGRESSIVE;
				GCC_WARN_UNUSED_FUNCTION = YES;
				GCC_WARN_UNUSED_VARIABLE = YES;
				IPHONEOS_DEPLOYMENT_TARGET = 13.2;
				MTL_ENABLE_DEBUG_INFO = INCLUDE_SOURCE;
				MTL_FAST_MATH = YES;
				ONLY_ACTIVE_ARCH = YES;
				SDKROOT = iphoneos;
				SWIFT_ACTIVE_COMPILATION_CONDITIONS = DEBUG;
				SWIFT_OPTIMIZATION_LEVEL = "-Onone";
			};
			name = Debug;
		};
		491EEEA7238793E1007B79FC /* Release */ = {
			isa = XCBuildConfiguration;
			buildSettings = {
				ALWAYS_SEARCH_USER_PATHS = NO;
				CLANG_ANALYZER_NONNULL = YES;
				CLANG_ANALYZER_NUMBER_OBJECT_CONVERSION = YES_AGGRESSIVE;
				CLANG_CXX_LANGUAGE_STANDARD = "gnu++14";
				CLANG_CXX_LIBRARY = "libc++";
				CLANG_ENABLE_MODULES = YES;
				CLANG_ENABLE_OBJC_ARC = YES;
				CLANG_ENABLE_OBJC_WEAK = YES;
				CLANG_WARN_BLOCK_CAPTURE_AUTORELEASING = YES;
				CLANG_WARN_BOOL_CONVERSION = YES;
				CLANG_WARN_COMMA = YES;
				CLANG_WARN_CONSTANT_CONVERSION = YES;
				CLANG_WARN_DEPRECATED_OBJC_IMPLEMENTATIONS = YES;
				CLANG_WARN_DIRECT_OBJC_ISA_USAGE = YES_ERROR;
				CLANG_WARN_DOCUMENTATION_COMMENTS = YES;
				CLANG_WARN_EMPTY_BODY = YES;
				CLANG_WARN_ENUM_CONVERSION = YES;
				CLANG_WARN_INFINITE_RECURSION = YES;
				CLANG_WARN_INT_CONVERSION = YES;
				CLANG_WARN_NON_LITERAL_NULL_CONVERSION = YES;
				CLANG_WARN_OBJC_IMPLICIT_RETAIN_SELF = YES;
				CLANG_WARN_OBJC_LITERAL_CONVERSION = YES;
				CLANG_WARN_OBJC_ROOT_CLASS = YES_ERROR;
				CLANG_WARN_RANGE_LOOP_ANALYSIS = YES;
				CLANG_WARN_STRICT_PROTOTYPES = YES;
				CLANG_WARN_SUSPICIOUS_MOVE = YES;
				CLANG_WARN_UNGUARDED_AVAILABILITY = YES_AGGRESSIVE;
				CLANG_WARN_UNREACHABLE_CODE = YES;
				CLANG_WARN__DUPLICATE_METHOD_MATCH = YES;
				CODE_SIGN_IDENTITY = "iPhone Developer";
				COPY_PHASE_STRIP = NO;
				DEBUG_INFORMATION_FORMAT = "dwarf-with-dsym";
				ENABLE_NS_ASSERTIONS = NO;
				ENABLE_STRICT_OBJC_MSGSEND = YES;
				GCC_C_LANGUAGE_STANDARD = gnu11;
				GCC_NO_COMMON_BLOCKS = YES;
				GCC_WARN_64_TO_32_BIT_CONVERSION = YES;
				GCC_WARN_ABOUT_RETURN_TYPE = YES_ERROR;
				GCC_WARN_UNDECLARED_SELECTOR = YES;
				GCC_WARN_UNINITIALIZED_AUTOS = YES_AGGRESSIVE;
				GCC_WARN_UNUSED_FUNCTION = YES;
				GCC_WARN_UNUSED_VARIABLE = YES;
				IPHONEOS_DEPLOYMENT_TARGET = 13.2;
				MTL_ENABLE_DEBUG_INFO = NO;
				MTL_FAST_MATH = YES;
				SDKROOT = iphoneos;
				SWIFT_COMPILATION_MODE = wholemodule;
				SWIFT_OPTIMIZATION_LEVEL = "-O";
				VALIDATE_PRODUCT = YES;
			};
			name = Release;
		};
		491EEEA9238793E1007B79FC /* Debug */ = {
			isa = XCBuildConfiguration;
			buildSettings = {
				ASSETCATALOG_COMPILER_APPICON_NAME = AppIcon;
				CODE_SIGN_IDENTITY = "iPhone Developer";
				CODE_SIGN_INJECT_BASE_ENTITLEMENTS = YES;
				CODE_SIGN_STYLE = Automatic;
				DEVELOPMENT_TEAM = 8TQ3PMYQT6;
				INFOPLIST_FILE = sieben/Info.plist;
				LD_RUNPATH_SEARCH_PATHS = (
					"$(inherited)",
					"@executable_path/Frameworks",
				);
				PRODUCT_BUNDLE_IDENTIFIER = com.sieben.docsystem.sieben;
				PRODUCT_NAME = "$(TARGET_NAME)";
				PROVISIONING_PROFILE_SPECIFIER = "";
				SWIFT_VERSION = 4.2;
				TARGETED_DEVICE_FAMILY = "1,2";
			};
			name = Debug;
		};
		491EEEAA238793E1007B79FC /* Release */ = {
			isa = XCBuildConfiguration;
			buildSettings = {
				ASSETCATALOG_COMPILER_APPICON_NAME = AppIcon;
				CODE_SIGN_IDENTITY = "iPhone Developer";
				CODE_SIGN_INJECT_BASE_ENTITLEMENTS = YES;
				CODE_SIGN_STYLE = Automatic;
				DEVELOPMENT_TEAM = 8TQ3PMYQT6;
				INFOPLIST_FILE = sieben/Info.plist;
				LD_RUNPATH_SEARCH_PATHS = (
					"$(inherited)",
					"@executable_path/Frameworks",
				);
				PRODUCT_BUNDLE_IDENTIFIER = com.sieben.docsystem.sieben;
				PRODUCT_NAME = "$(TARGET_NAME)";
				PROVISIONING_PROFILE_SPECIFIER = "";
				SWIFT_VERSION = 4.2;
				TARGETED_DEVICE_FAMILY = "1,2";
			};
			name = Release;
		};
		491EEEAC238793E1007B79FC /* Debug */ = {
			isa = XCBuildConfiguration;
			buildSettings = {
				ALWAYS_EMBED_SWIFT_STANDARD_LIBRARIES = YES;
				BUNDLE_LOADER = "$(TEST_HOST)";
				CODE_SIGN_STYLE = Automatic;
				INFOPLIST_FILE = siebenTests/Info.plist;
				LD_RUNPATH_SEARCH_PATHS = (
					"$(inherited)",
					"@executable_path/Frameworks",
					"@loader_path/Frameworks",
				);
				PRODUCT_BUNDLE_IDENTIFIER = com.sieben.docsystem.siebenTests;
				PRODUCT_NAME = "$(TARGET_NAME)";
				SWIFT_VERSION = 4.2;
				TARGETED_DEVICE_FAMILY = "1,2";
				TEST_HOST = "$(BUILT_PRODUCTS_DIR)/sieben.app/sieben";
			};
			name = Debug;
		};
		491EEEAD238793E1007B79FC /* Release */ = {
			isa = XCBuildConfiguration;
			buildSettings = {
				ALWAYS_EMBED_SWIFT_STANDARD_LIBRARIES = YES;
				BUNDLE_LOADER = "$(TEST_HOST)";
				CODE_SIGN_STYLE = Automatic;
				INFOPLIST_FILE = siebenTests/Info.plist;
				LD_RUNPATH_SEARCH_PATHS = (
					"$(inherited)",
					"@executable_path/Frameworks",
					"@loader_path/Frameworks",
				);
				PRODUCT_BUNDLE_IDENTIFIER = com.sieben.docsystem.siebenTests;
				PRODUCT_NAME = "$(TARGET_NAME)";
				SWIFT_VERSION = 4.2;
				TARGETED_DEVICE_FAMILY = "1,2";
				TEST_HOST = "$(BUILT_PRODUCTS_DIR)/sieben.app/sieben";
			};
			name = Release;
		};
/* End XCBuildConfiguration section */

/* Begin XCConfigurationList section */
		491EEE82238793DC007B79FC /* Build configuration list for PBXProject "sieben" */ = {
			isa = XCConfigurationList;
			buildConfigurations = (
				491EEEA6238793E1007B79FC /* Debug */,
				491EEEA7238793E1007B79FC /* Release */,
			);
			defaultConfigurationIsVisible = 0;
			defaultConfigurationName = Release;
		};
		491EEEA8238793E1007B79FC /* Build configuration list for PBXNativeTarget "sieben" */ = {
			isa = XCConfigurationList;
			buildConfigurations = (
				491EEEA9238793E1007B79FC /* Debug */,
				491EEEAA238793E1007B79FC /* Release */,
			);
			defaultConfigurationIsVisible = 0;
			defaultConfigurationName = Release;
		};
		491EEEAB238793E1007B79FC /* Build configuration list for PBXNativeTarget "siebenTests" */ = {
			isa = XCConfigurationList;
			buildConfigurations = (
				491EEEAC238793E1007B79FC /* Debug */,
				491EEEAD238793E1007B79FC /* Release */,
			);
			defaultConfigurationIsVisible = 0;
			defaultConfigurationName = Release;
		};
/* End XCConfigurationList section */
	};
	rootObject = 491EEE7F238793DC007B79FC /* Project object */;
}
